
Microsoft Visual Studio Solution File, Format Version 12.00
# Visual Studio Version 17
VisualStudioVersion = 17.7.34221.43
MinimumVisualStudioVersion = 10.0.40219.1
Project("{FAE04EC0-301F-11D3-BF4B-00C04F79EFBC}") = "TheMamboBros.Data", "TheMamboBros.Data\TheMamboBros.Data.csproj", "{D153A35A-55FF-424C-B269-03CD0A2F1FF5}"
EndProject
Project("{FAE04EC0-301F-11D3-BF4B-00C04F79EFBC}") = "TheMamboBros.Data.Test", "TheMamboBros.Data.Test\TheMamboBros.Data.Test.csproj", "{D57765CA-3582-4909-9466-1C8C008C4CF7}"
EndProject
Project("{FAE04EC0-301F-11D3-BF4B-00C04F79EFBC}") = "TheMamboBros.Web", "TheMamboBros.Web\TheMamboBros.Web.csproj", "{D2CF927A-CFC8-4229-8D97-F2A7CE76EF0D}"
EndProject
Global
	GlobalSection(SolutionConfigurationPlatforms) = preSolution
		Debug|Any CPU = Debug|Any CPU
		Release|Any CPU = Release|Any CPU
	EndGlobalSection
	GlobalSection(ProjectConfigurationPlatforms) = postSolution
		{D153A35A-55FF-424C-B269-03CD0A2F1FF5}.Debug|Any CPU.ActiveCfg = Debug|Any CPU
		{D153A35A-55FF-424C-B269-03CD0A2F1FF5}.Debug|Any CPU.Build.0 = Debug|Any CPU
		{D153A35A-55FF-424C-B269-03CD0A2F1FF5}.Release|Any CPU.ActiveCfg = Release|Any CPU
		{D153A35A-55FF-424C-B269-03CD0A2F1FF5}.Release|Any CPU.Build.0 = Release|Any CPU
		{D57765CA-3582-4909-9466-1C8C008C4CF7}.Debug|Any CPU.ActiveCfg = Debug|Any CPU
		{D57765CA-3582-4909-9466-1C8C008C4CF7}.Debug|Any CPU.Build.0 = Debug|Any CPU
		{D57765CA-3582-4909-9466-1C8C008C4CF7}.Release|Any CPU.ActiveCfg = Release|Any CPU
		{D57765CA-3582-4909-9466-1C8C008C4CF7}.Release|Any CPU.Build.0 = Release|Any CPU
		{D2CF927A-CFC8-4229-8D97-F2A7CE76EF0D}.Debug|Any CPU.ActiveCfg = Debug|Any CPU
		{D2CF927A-CFC8-4229-8D97-F2A7CE76EF0D}.Debug|Any CPU.Build.0 = Debug|Any CPU
		{D2CF927A-CFC8-4229-8D97-F2A7CE76EF0D}.Release|Any CPU.ActiveCfg = Release|Any CPU
		{D2CF927A-CFC8-4229-8D97-F2A7CE76EF0D}.Release|Any CPU.Build.0 = Release|Any CPU
	EndGlobalSection
	GlobalSection(SolutionProperties) = preSolution
		HideSolutionNode = FALSE
	EndGlobalSection
	GlobalSection(ExtensibilityGlobals) = postSolution
		SolutionGuid = {4282A6F0-6CA8-4A8C-8447-F7604104070E}
	EndGlobalSection
EndGlobal
